
Microsoft Visual Studio Solution File, Format Version 12.00
# Visual Studio 15
VisualStudioVersion = 15.0.27130.2027
MinimumVisualStudioVersion = 10.0.40219.1
Project("{8BC9CEB8-8B4A-11D0-8D11-00A0C91BC942}") = "Lesson3Homework", "Lesson3Homework\Lesson3Homework.vcxproj", "{B2406266-1F37-4223-9BCB-5824D15A2761}"
EndProject
Global
	GlobalSection(SolutionConfigurationPlatforms) = preSolution
		Debug|x64 = Debug|x64
		Debug|x86 = Debug|x86
		Release|x64 = Release|x64
		Release|x86 = Release|x86
	EndGlobalSection
	GlobalSection(ProjectConfigurationPlatforms) = postSolution
		{B2406266-1F37-4223-9BCB-5824D15A2761}.Debug|x64.ActiveCfg = Debug|x64
		{B2406266-1F37-4223-9BCB-5824D15A2761}.Debug|x64.Build.0 = Debug|x64
		{B2406266-1F37-4223-9BCB-5824D15A2761}.Debug|x86.ActiveCfg = Debug|Win32
		{B2406266-1F37-4223-9BCB-5824D15A2761}.Debug|x86.Build.0 = Debug|Win32
		{B2406266-1F37-4223-9BCB-5824D15A2761}.Release|x64.ActiveCfg = Release|x64
		{B2406266-1F37-4223-9BCB-5824D15A2761}.Release|x64.Build.0 = Release|x64
		{B2406266-1F37-4223-9BCB-5824D15A2761}.Release|x86.ActiveCfg = Release|Win32
		{B2406266-1F37-4223-9BCB-5824D15A2761}.Release|x86.Build.0 = Release|Win32
	EndGlobalSection
	GlobalSection(SolutionProperties) = preSolution
		HideSolutionNode = FALSE
	EndGlobalSection
	GlobalSection(ExtensibilityGlobals) = postSolution
		SolutionGuid = {A5192066-1CF3-4A94-951A-592AA57E791F}
	EndGlobalSection
EndGlobal
